
Microsoft Visual Studio Solution File, Format Version 12.00
# Visual Studio 15
VisualStudioVersion = 15.0.28307.168
MinimumVisualStudioVersion = 10.0.40219.1
Project("{FAE04EC0-301F-11D3-BF4B-00C04F79EFBC}") = "SortSamplesNew", "SortSamplesNew\SortSamplesNew.csproj", "{F74D80B7-4730-42D0-8536-A93F2C89EFD2}"
EndProject
Project("{FAE04EC0-301F-11D3-BF4B-00C04F79EFBC}") = "TestSortAndSearch", "TestSortAndSearch\TestSortAndSearch.csproj", "{A5911A50-C36E-47DB-8C5B-A847C494CEEB}"
EndProject
Global
	GlobalSection(SolutionConfigurationPlatforms) = preSolution
		Debug|Any CPU = Debug|Any CPU
		Release|Any CPU = Release|Any CPU
	EndGlobalSection
	GlobalSection(ProjectConfigurationPlatforms) = postSolution
		{F74D80B7-4730-42D0-8536-A93F2C89EFD2}.Debug|Any CPU.ActiveCfg = Debug|Any CPU
		{F74D80B7-4730-42D0-8536-A93F2C89EFD2}.Debug|Any CPU.Build.0 = Debug|Any CPU
		{F74D80B7-4730-42D0-8536-A93F2C89EFD2}.Release|Any CPU.ActiveCfg = Release|Any CPU
		{F74D80B7-4730-42D0-8536-A93F2C89EFD2}.Release|Any CPU.Build.0 = Release|Any CPU
		{A5911A50-C36E-47DB-8C5B-A847C494CEEB}.Debug|Any CPU.ActiveCfg = Debug|Any CPU
		{A5911A50-C36E-47DB-8C5B-A847C494CEEB}.Debug|Any CPU.Build.0 = Debug|Any CPU
		{A5911A50-C36E-47DB-8C5B-A847C494CEEB}.Release|Any CPU.ActiveCfg = Release|Any CPU
		{A5911A50-C36E-47DB-8C5B-A847C494CEEB}.Release|Any CPU.Build.0 = Release|Any CPU
	EndGlobalSection
	GlobalSection(SolutionProperties) = preSolution
		HideSolutionNode = FALSE
	EndGlobalSection
	GlobalSection(ExtensibilityGlobals) = postSolution
		SolutionGuid = {EE4BE956-B18C-4EC2-942F-0E6812F8B573}
	EndGlobalSection
EndGlobal
